// !$*UTF8*$!
{
	archiveVersion = 1;
	classes = {
	};
	objectVersion = 50;
	objects = {

/* Begin PBXBuildFile section */
		2A356FD422E48B9800ED16A8 /* AppDelegate.swift in Sources */ = {isa = PBXBuildFile; fileRef = 2A356FD322E48B9800ED16A8 /* AppDelegate.swift */; };
		2A356FD622E48B9800ED16A8 /* ViewController.swift in Sources */ = {isa = PBXBuildFile; fileRef = 2A356FD522E48B9800ED16A8 /* ViewController.swift */; };
		2A356FD922E48B9800ED16A8 /* Main.storyboard in Resources */ = {isa = PBXBuildFile; fileRef = 2A356FD722E48B9800ED16A8 /* Main.storyboard */; };
		2A356FDB22E48B9C00ED16A8 /* Assets.xcassets in Resources */ = {isa = PBXBuildFile; fileRef = 2A356FDA22E48B9C00ED16A8 /* Assets.xcassets */; };
		2A356FDE22E48B9C00ED16A8 /* LaunchScreen.storyboard in Resources */ = {isa = PBXBuildFile; fileRef = 2A356FDC22E48B9C00ED16A8 /* LaunchScreen.storyboard */; };
		2A356FEC22E48C7E00ED16A8 /* Media.xcassets in Resources */ = {isa = PBXBuildFile; fileRef = 2A356FEB22E48C7E00ED16A8 /* Media.xcassets */; };
		2A356FEE22E48C7E00ED16A8 /* ActionViewController.swift in Sources */ = {isa = PBXBuildFile; fileRef = 2A356FED22E48C7E00ED16A8 /* ActionViewController.swift */; };
		2A356FF122E48C7E00ED16A8 /* MainInterface.storyboard in Resources */ = {isa = PBXBuildFile; fileRef = 2A356FEF22E48C7E00ED16A8 /* MainInterface.storyboard */; };
		2A356FF522E48C7E00ED16A8 /* Extension.appex in Embed App Extensions */ = {isa = PBXBuildFile; fileRef = 2A356FE922E48C7E00ED16A8 /* Extension.appex */; settings = {ATTRIBUTES = (RemoveHeadersOnCopy, ); }; };
		2A356FFB22E48F0900ED16A8 /* Action.js in Resources */ = {isa = PBXBuildFile; fileRef = 2A356FFA22E48F0900ED16A8 /* Action.js */; };
/* End PBXBuildFile section */

/* Begin PBXContainerItemProxy section */
		2A356FF322E48C7E00ED16A8 /* PBXContainerItemProxy */ = {
			isa = PBXContainerItemProxy;
			containerPortal = 2A356FC822E48B9800ED16A8 /* Project object */;
			proxyType = 1;
			remoteGlobalIDString = 2A356FE822E48C7E00ED16A8;
			remoteInfo = Extension;
		};
/* End PBXContainerItemProxy section */

/* Begin PBXCopyFilesBuildPhase section */
		2A356FF922E48C7E00ED16A8 /* Embed App Extensions */ = {
			isa = PBXCopyFilesBuildPhase;
			buildActionMask = 2147483647;
			dstPath = "";
			dstSubfolderSpec = 13;
			files = (
				2A356FF522E48C7E00ED16A8 /* Extension.appex in Embed App Extensions */,
			);
			name = "Embed App Extensions";
			runOnlyForDeploymentPostprocessing = 0;
		};
/* End PBXCopyFilesBuildPhase section */

/* Begin PBXFileReference section */
		2A356FD022E48B9800ED16A8 /* Project19.app */ = {isa = PBXFileReference; explicitFileType = wrapper.application; includeInIndex = 0; path = Project19.app; sourceTree = BUILT_PRODUCTS_DIR; };
		2A356FD322E48B9800ED16A8 /* AppDelegate.swift */ = {isa = PBXFileReference; lastKnownFileType = sourcecode.swift; path = AppDelegate.swift; sourceTree = "<group>"; };
		2A356FD522E48B9800ED16A8 /* ViewController.swift */ = {isa = PBXFileReference; lastKnownFileType = sourcecode.swift; path = ViewController.swift; sourceTree = "<group>"; };
		2A356FD822E48B9800ED16A8 /* Base */ = {isa = PBXFileReference; lastKnownFileType = file.storyboard; name = Base; path = Base.lproj/Main.storyboard; sourceTree = "<group>"; };
		2A356FDA22E48B9C00ED16A8 /* Assets.xcassets */ = {isa = PBXFileReference; lastKnownFileType = folder.assetcatalog; path = Assets.xcassets; sourceTree = "<group>"; };
		2A356FDD22E48B9C00ED16A8 /* Base */ = {isa = PBXFileReference; lastKnownFileType = file.storyboard; name = Base; path = Base.lproj/LaunchScreen.storyboard; sourceTree = "<group>"; };
		2A356FDF22E48B9C00ED16A8 /* Info.plist */ = {isa = PBXFileReference; lastKnownFileType = text.plist.xml; path = Info.plist; sourceTree = "<group>"; };
		2A356FE922E48C7E00ED16A8 /* Extension.appex */ = {isa = PBXFileReference; explicitFileType = "wrapper.app-extension"; includeInIndex = 0; path = Extension.appex; sourceTree = BUILT_PRODUCTS_DIR; };
		2A356FEB22E48C7E00ED16A8 /* Media.xcassets */ = {isa = PBXFileReference; lastKnownFileType = folder.assetcatalog; path = Media.xcassets; sourceTree = "<group>"; };
		2A356FED22E48C7E00ED16A8 /* ActionViewController.swift */ = {isa = PBXFileReference; lastKnownFileType = sourcecode.swift; path = ActionViewController.swift; sourceTree = "<group>"; };
		2A356FF022E48C7E00ED16A8 /* Base */ = {isa = PBXFileReference; lastKnownFileType = file.storyboard; name = Base; path = Base.lproj/MainInterface.storyboard; sourceTree = "<group>"; };
		2A356FF222E48C7E00ED16A8 /* Info.plist */ = {isa = PBXFileReference; lastKnownFileType = text.plist.xml; path = Info.plist; sourceTree = "<group>"; };
		2A356FFA22E48F0900ED16A8 /* Action.js */ = {isa = PBXFileReference; lastKnownFileType = sourcecode.javascript; path = Action.js; sourceTree = "<group>"; };
/* End PBXFileReference section */

/* Begin PBXFrameworksBuildPhase section */
		2A356FCD22E48B9800ED16A8 /* Frameworks */ = {
			isa = PBXFrameworksBuildPhase;
			buildActionMask = 2147483647;
			files = (
			);
			runOnlyForDeploymentPostprocessing = 0;
		};
		2A356FE622E48C7E00ED16A8 /* Frameworks */ = {
			isa = PBXFrameworksBuildPhase;
			buildActionMask = 2147483647;
			files = (
			);
			runOnlyForDeploymentPostprocessing = 0;
		};
/* End PBXFrameworksBuildPhase section */

/* Begin PBXGroup section */
		2A356FC722E48B9800ED16A8 = {
			isa = PBXGroup;
			children = (
				2A356FD222E48B9800ED16A8 /* Project19 */,
				2A356FEA22E48C7E00ED16A8 /* Extension */,
				2A356FD122E48B9800ED16A8 /* Products */,
			);
			sourceTree = "<group>";
		};
		2A356FD122E48B9800ED16A8 /* Products */ = {
			isa = PBXGroup;
			children = (
				2A356FD022E48B9800ED16A8 /* Project19.app */,
				2A356FE922E48C7E00ED16A8 /* Extension.appex */,
			);
			name = Products;
			sourceTree = "<group>";
		};
		2A356FD222E48B9800ED16A8 /* Project19 */ = {
			isa = PBXGroup;
			children = (
				2A356FD322E48B9800ED16A8 /* AppDelegate.swift */,
				2A356FD522E48B9800ED16A8 /* ViewController.swift */,
				2A356FD722E48B9800ED16A8 /* Main.storyboard */,
				2A356FDA22E48B9C00ED16A8 /* Assets.xcassets */,
				2A356FDC22E48B9C00ED16A8 /* LaunchScreen.storyboard */,
				2A356FDF22E48B9C00ED16A8 /* Info.plist */,
			);
			path = Project19;
			sourceTree = "<group>";
		};
		2A356FEA22E48C7E00ED16A8 /* Extension */ = {
			isa = PBXGroup;
			children = (
				2A356FEB22E48C7E00ED16A8 /* Media.xcassets */,
				2A356FED22E48C7E00ED16A8 /* ActionViewController.swift */,
				2A356FEF22E48C7E00ED16A8 /* MainInterface.storyboard */,
				2A356FF222E48C7E00ED16A8 /* Info.plist */,
				2A356FFA22E48F0900ED16A8 /* Action.js */,
			);
			path = Extension;
			sourceTree = "<group>";
		};
/* End PBXGroup section */

/* Begin PBXNativeTarget section */
		2A356FCF22E48B9800ED16A8 /* Project19 */ = {
			isa = PBXNativeTarget;
			buildConfigurationList = 2A356FE222E48B9C00ED16A8 /* Build configuration list for PBXNativeTarget "Project19" */;
			buildPhases = (
				2A356FCC22E48B9800ED16A8 /* Sources */,
				2A356FCD22E48B9800ED16A8 /* Frameworks */,
				2A356FCE22E48B9800ED16A8 /* Resources */,
				2A356FF922E48C7E00ED16A8 /* Embed App Extensions */,
			);
			buildRules = (
			);
			dependencies = (
				2A356FF422E48C7E00ED16A8 /* PBXTargetDependency */,
			);
			name = Project19;
			productName = Project19;
			productReference = 2A356FD022E48B9800ED16A8 /* Project19.app */;
			productType = "com.apple.product-type.application";
		};
		2A356FE822E48C7E00ED16A8 /* Extension */ = {
			isa = PBXNativeTarget;
			buildConfigurationList = 2A356FF622E48C7E00ED16A8 /* Build configuration list for PBXNativeTarget "Extension" */;
			buildPhases = (
				2A356FE522E48C7E00ED16A8 /* Sources */,
				2A356FE622E48C7E00ED16A8 /* Frameworks */,
				2A356FE722E48C7E00ED16A8 /* Resources */,
			);
			buildRules = (
			);
			dependencies = (
			);
			name = Extension;
			productName = Extension;
			productReference = 2A356FE922E48C7E00ED16A8 /* Extension.appex */;
			productType = "com.apple.product-type.app-extension";
		};
/* End PBXNativeTarget section */

/* Begin PBXProject section */
		2A356FC822E48B9800ED16A8 /* Project object */ = {
			isa = PBXProject;
			attributes = {
				LastSwiftUpdateCheck = 1020;
				LastUpgradeCheck = 1020;
				ORGANIZATIONNAME = Antoni;
				TargetAttributes = {
					2A356FCF22E48B9800ED16A8 = {
						CreatedOnToolsVersion = 10.2.1;
					};
					2A356FE822E48C7E00ED16A8 = {
						CreatedOnToolsVersion = 10.2.1;
					};
				};
			};
			buildConfigurationList = 2A356FCB22E48B9800ED16A8 /* Build configuration list for PBXProject "Project19" */;
			compatibilityVersion = "Xcode 9.3";
			developmentRegion = en;
			hasScannedForEncodings = 0;
			knownRegions = (
				en,
				Base,
			);
			mainGroup = 2A356FC722E48B9800ED16A8;
			productRefGroup = 2A356FD122E48B9800ED16A8 /* Products */;
			projectDirPath = "";
			projectRoot = "";
			targets = (
				2A356FCF22E48B9800ED16A8 /* Project19 */,
				2A356FE822E48C7E00ED16A8 /* Extension */,
			);
		};
/* End PBXProject section */

/* Begin PBXResourcesBuildPhase section */
		2A356FCE22E48B9800ED16A8 /* Resources */ = {
			isa = PBXResourcesBuildPhase;
			buildActionMask = 2147483647;
			files = (
				2A356FDE22E48B9C00ED16A8 /* LaunchScreen.storyboard in Resources */,
				2A356FDB22E48B9C00ED16A8 /* Assets.xcassets in Resources */,
				2A356FD922E48B9800ED16A8 /* Main.storyboard in Resources */,
			);
			runOnlyForDeploymentPostprocessing = 0;
		};
		2A356FE722E48C7E00ED16A8 /* Resources */ = {
			isa = PBXResourcesBuildPhase;
			buildActionMask = 2147483647;
			files = (
				2A356FFB22E48F0900ED16A8 /* Action.js in Resources */,
				2A356FEC22E48C7E00ED16A8 /* Media.xcassets in Resources */,
				2A356FF122E48C7E00ED16A8 /* MainInterface.storyboard in Resources */,
			);
			runOnlyForDeploymentPostprocessing = 0;
		};
/* End PBXResourcesBuildPhase section */

/* Begin PBXSourcesBuildPhase section */
		2A356FCC22E48B9800ED16A8 /* Sources */ = {
			isa = PBXSourcesBuildPhase;
			buildActionMask = 2147483647;
			files = (
				2A356FD622E48B9800ED16A8 /* ViewController.swift in Sources */,
				2A356FD422E48B9800ED16A8 /* AppDelegate.swift in Sources */,
			);
			runOnlyForDeploymentPostprocessing = 0;
		};
		2A356FE522E48C7E00ED16A8 /* Sources */ = {
			isa = PBXSourcesBuildPhase;
			buildActionMask = 2147483647;
			files = (
				2A356FEE22E48C7E00ED16A8 /* ActionViewController.swift in Sources */,
			);
			runOnlyForDeploymentPostprocessing = 0;
		};
/* End PBXSourcesBuildPhase section */

/* Begin PBXTargetDependency section */
		2A356FF422E48C7E00ED16A8 /* PBXTargetDependency */ = {
			isa = PBXTargetDependency;
			target = 2A356FE822E48C7E00ED16A8 /* Extension */;
			targetProxy = 2A356FF322E48C7E00ED16A8 /* PBXContainerItemProxy */;
		};
/* End PBXTargetDependency section */

/* Begin PBXVariantGroup section */
		2A356FD722E48B9800ED16A8 /* Main.storyboard */ = {
			isa = PBXVariantGroup;
			children = (
				2A356FD822E48B9800ED16A8 /* Base */,
			);
			name = Main.storyboard;
			sourceTree = "<group>";
		};
		2A356FDC22E48B9C00ED16A8 /* LaunchScreen.storyboard */ = {
			isa = PBXVariantGroup;
			children = (
				2A356FDD22E48B9C00ED16A8 /* Base */,
			);
			name = LaunchScreen.storyboard;
			sourceTree = "<group>";
		};
		2A356FEF22E48C7E00ED16A8 /* MainInterface.storyboard */ = {
			isa = PBXVariantGroup;
			children = (
				2A356FF022E48C7E00ED16A8 /* Base */,
			);
			name = MainInterface.storyboard;
			sourceTree = "<group>";
		};
/* End PBXVariantGroup section */

/* Begin XCBuildConfiguration section */
		2A356FE022E48B9C00ED16A8 /* Debug */ = {
			isa = XCBuildConfiguration;
			buildSettings = {
				ALWAYS_SEARCH_USER_PATHS = NO;
				CLANG_ANALYZER_NONNULL = YES;
				CLANG_ANALYZER_NUMBER_OBJECT_CONVERSION = YES_AGGRESSIVE;
				CLANG_CXX_LANGUAGE_STANDARD = "gnu++14";
				CLANG_CXX_LIBRARY = "libc++";
				CLANG_ENABLE_MODULES = YES;
				CLANG_ENABLE_OBJC_ARC = YES;
				CLANG_ENABLE_OBJC_WEAK = YES;
				CLANG_WARN_BLOCK_CAPTURE_AUTORELEASING = YES;
				CLANG_WARN_BOOL_CONVERSION = YES;
				CLANG_WARN_COMMA = YES;
				CLANG_WARN_CONSTANT_CONVERSION = YES;
				CLANG_WARN_DEPRECATED_OBJC_IMPLEMENTATIONS = YES;
				CLANG_WARN_DIRECT_OBJC_ISA_USAGE = YES_ERROR;
				CLANG_WARN_DOCUMENTATION_COMMENTS = YES;
				CLANG_WARN_EMPTY_BODY = YES;
				CLANG_WARN_ENUM_CONVERSION = YES;
				CLANG_WARN_INFINITE_RECURSION = YES;
				CLANG_WARN_INT_CONVERSION = YES;
				CLANG_WARN_NON_LITERAL_NULL_CONVERSION = YES;
				CLANG_WARN_OBJC_IMPLICIT_RETAIN_SELF = YES;
				CLANG_WARN_OBJC_LITERAL_CONVERSION = YES;
				CLANG_WARN_OBJC_ROOT_CLASS = YES_ERROR;
				CLANG_WARN_RANGE_LOOP_ANALYSIS = YES;
				CLANG_WARN_STRICT_PROTOTYPES = YES;
				CLANG_WARN_SUSPICIOUS_MOVE = YES;
				CLANG_WARN_UNGUARDED_AVAILABILITY = YES_AGGRESSIVE;
				CLANG_WARN_UNREACHABLE_CODE = YES;
				CLANG_WARN__DUPLICATE_METHOD_MATCH = YES;
				CODE_SIGN_IDENTITY = "iPhone Developer";
				COPY_PHASE_STRIP = NO;
				DEBUG_INFORMATION_FORMAT = dwarf;
				ENABLE_STRICT_OBJC_MSGSEND = YES;
				ENABLE_TESTABILITY = YES;
				GCC_C_LANGUAGE_STANDARD = gnu11;
				GCC_DYNAMIC_NO_PIC = NO;
				GCC_NO_COMMON_BLOCKS = YES;
				GCC_OPTIMIZATION_LEVEL = 0;
				GCC_PREPROCESSOR_DEFINITIONS = (
					"DEBUG=1",
					"$(inherited)",
				);
				GCC_WARN_64_TO_32_BIT_CONVERSION = YES;
				GCC_WARN_ABOUT_RETURN_TYPE = YES_ERROR;
				GCC_WARN_UNDECLARED_SELECTOR = YES;
				GCC_WARN_UNINITIALIZED_AUTOS = YES_AGGRESSIVE;
				GCC_WARN_UNUSED_FUNCTION = YES;
				GCC_WARN_UNUSED_VARIABLE = YES;
				IPHONEOS_DEPLOYMENT_TARGET = 12.2;
				MTL_ENABLE_DEBUG_INFO = INCLUDE_SOURCE;
				MTL_FAST_MATH = YES;
				ONLY_ACTIVE_ARCH = YES;
				SDKROOT = iphoneos;
				SWIFT_ACTIVE_COMPILATION_CONDITIONS = DEBUG;
				SWIFT_OPTIMIZATION_LEVEL = "-Onone";
			};
			name = Debug;
		};
		2A356FE122E48B9C00ED16A8 /* Release */ = {
			isa = XCBuildConfiguration;
			buildSettings = {
				ALWAYS_SEARCH_USER_PATHS = NO;
				CLANG_ANALYZER_NONNULL = YES;
				CLANG_ANALYZER_NUMBER_OBJECT_CONVERSION = YES_AGGRESSIVE;
				CLANG_CXX_LANGUAGE_STANDARD = "gnu++14";
				CLANG_CXX_LIBRARY = "libc++";
				CLANG_ENABLE_MODULES = YES;
				CLANG_ENABLE_OBJC_ARC = YES;
				CLANG_ENABLE_OBJC_WEAK = YES;
				CLANG_WARN_BLOCK_CAPTURE_AUTORELEASING = YES;
				CLANG_WARN_BOOL_CONVERSION = YES;
				CLANG_WARN_COMMA = YES;
				CLANG_WARN_CONSTANT_CONVERSION = YES;
				CLANG_WARN_DEPRECATED_OBJC_IMPLEMENTATIONS = YES;
				CLANG_WARN_DIRECT_OBJC_ISA_USAGE = YES_ERROR;
				CLANG_WARN_DOCUMENTATION_COMMENTS = YES;
				CLANG_WARN_EMPTY_BODY = YES;
				CLANG_WARN_ENUM_CONVERSION = YES;
				CLANG_WARN_INFINITE_RECURSION = YES;
				CLANG_WARN_INT_CONVERSION = YES;
				CLANG_WARN_NON_LITERAL_NULL_CONVERSION = YES;
				CLANG_WARN_OBJC_IMPLICIT_RETAIN_SELF = YES;
				CLANG_WARN_OBJC_LITERAL_CONVERSION = YES;
				CLANG_WARN_OBJC_ROOT_CLASS = YES_ERROR;
				CLANG_WARN_RANGE_LOOP_ANALYSIS = YES;
				CLANG_WARN_STRICT_PROTOTYPES = YES;
				CLANG_WARN_SUSPICIOUS_MOVE = YES;
				CLANG_WARN_UNGUARDED_AVAILABILITY = YES_AGGRESSIVE;
				CLANG_WARN_UNREACHABLE_CODE = YES;
				CLANG_WARN__DUPLICATE_METHOD_MATCH = YES;
				CODE_SIGN_IDENTITY = "iPhone Developer";
				COPY_PHASE_STRIP = NO;
				DEBUG_INFORMATION_FORMAT = "dwarf-with-dsym";
				ENABLE_NS_ASSERTIONS = NO;
				ENABLE_STRICT_OBJC_MSGSEND = YES;
				GCC_C_LANGUAGE_STANDARD = gnu11;
				GCC_NO_COMMON_BLOCKS = YES;
				GCC_WARN_64_TO_32_BIT_CONVERSION = YES;
				GCC_WARN_ABOUT_RETURN_TYPE = YES_ERROR;
				GCC_WARN_UNDECLARED_SELECTOR = YES;
				GCC_WARN_UNINITIALIZED_AUTOS = YES_AGGRESSIVE;
				GCC_WARN_UNUSED_FUNCTION = YES;
				GCC_WARN_UNUSED_VARIABLE = YES;
				IPHONEOS_DEPLOYMENT_TARGET = 12.2;
				MTL_ENABLE_DEBUG_INFO = NO;
				MTL_FAST_MATH = YES;
				SDKROOT = iphoneos;
				SWIFT_COMPILATION_MODE = wholemodule;
				SWIFT_OPTIMIZATION_LEVEL = "-O";
				VALIDATE_PRODUCT = YES;
			};
			name = Release;
		};
		2A356FE322E48B9C00ED16A8 /* Debug */ = {
			isa = XCBuildConfiguration;
			buildSettings = {
				ALWAYS_EMBED_SWIFT_STANDARD_LIBRARIES = YES;
				ASSETCATALOG_COMPILER_APPICON_NAME = AppIcon;
				CODE_SIGN_STYLE = Automatic;
				DEVELOPMENT_TEAM = 2G786TSNKY;
				INFOPLIST_FILE = Project19/Info.plist;
				LD_RUNPATH_SEARCH_PATHS = (
					"$(inherited)",
					"@executable_path/Frameworks",
				);
				PRODUCT_BUNDLE_IDENTIFIER = id.antonilhin.Project19;
				PRODUCT_NAME = "$(TARGET_NAME)";
				SWIFT_VERSION = 5.0;
				TARGETED_DEVICE_FAMILY = "1,2";
			};
			name = Debug;
		};
		2A356FE422E48B9C00ED16A8 /* Release */ = {
			isa = XCBuildConfiguration;
			buildSettings = {
				ALWAYS_EMBED_SWIFT_STANDARD_LIBRARIES = YES;
				ASSETCATALOG_COMPILER_APPICON_NAME = AppIcon;
				CODE_SIGN_STYLE = Automatic;
				DEVELOPMENT_TEAM = 2G786TSNKY;
				INFOPLIST_FILE = Project19/Info.plist;
				LD_RUNPATH_SEARCH_PATHS = (
					"$(inherited)",
					"@executable_path/Frameworks",
				);
				PRODUCT_BUNDLE_IDENTIFIER = id.antonilhin.Project19;
				PRODUCT_NAME = "$(TARGET_NAME)";
				SWIFT_VERSION = 5.0;
				TARGETED_DEVICE_FAMILY = "1,2";
			};
			name = Release;
		};
		2A356FF722E48C7E00ED16A8 /* Debug */ = {
			isa = XCBuildConfiguration;
			buildSettings = {
				CODE_SIGN_STYLE = Automatic;
				DEVELOPMENT_TEAM = 2G786TSNKY;
				INFOPLIST_FILE = Extension/Info.plist;
				LD_RUNPATH_SEARCH_PATHS = (
					"$(inherited)",
					"@executable_path/Frameworks",
					"@executable_path/../../Frameworks",
				);
				PRODUCT_BUNDLE_IDENTIFIER = id.antonilhin.Project19.Extension;
				PRODUCT_NAME = "$(TARGET_NAME)";
				SKIP_INSTALL = YES;
				SWIFT_VERSION = 5.0;
				TARGETED_DEVICE_FAMILY = "1,2";
			};
			name = Debug;
		};
		2A356FF822E48C7E00ED16A8 /* Release */ = {
			isa = XCBuildConfiguration;
			buildSettings = {
				CODE_SIGN_STYLE = Automatic;
				DEVELOPMENT_TEAM = 2G786TSNKY;
				INFOPLIST_FILE = Extension/Info.plist;
				LD_RUNPATH_SEARCH_PATHS = (
					"$(inherited)",
					"@executable_path/Frameworks",
					"@executable_path/../../Frameworks",
				);
				PRODUCT_BUNDLE_IDENTIFIER = id.antonilhin.Project19.Extension;
				PRODUCT_NAME = "$(TARGET_NAME)";
				SKIP_INSTALL = YES;
				SWIFT_VERSION = 5.0;
				TARGETED_DEVICE_FAMILY = "1,2";
			};
			name = Release;
		};
/* End XCBuildConfiguration section */

/* Begin XCConfigurationList section */
		2A356FCB22E48B9800ED16A8 /* Build configuration list for PBXProject "Project19" */ = {
			isa = XCConfigurationList;
			buildConfigurations = (
				2A356FE022E48B9C00ED16A8 /* Debug */,
				2A356FE122E48B9C00ED16A8 /* Release */,
			);
			defaultConfigurationIsVisible = 0;
			defaultConfigurationName = Release;
		};
		2A356FE222E48B9C00ED16A8 /* Build configuration list for PBXNativeTarget "Project19" */ = {
			isa = XCConfigurationList;
			buildConfigurations = (
				2A356FE322E48B9C00ED16A8 /* Debug */,
				2A356FE422E48B9C00ED16A8 /* Release */,
			);
			defaultConfigurationIsVisible = 0;
			defaultConfigurationName = Release;
		};
		2A356FF622E48C7E00ED16A8 /* Build configuration list for PBXNativeTarget "Extension" */ = {
			isa = XCConfigurationList;
			buildConfigurations = (
				2A356FF722E48C7E00ED16A8 /* Debug */,
				2A356FF822E48C7E00ED16A8 /* Release */,
			);
			defaultConfigurationIsVisible = 0;
			defaultConfigurationName = Release;
		};
/* End XCConfigurationList section */
	};
	rootObject = 2A356FC822E48B9800ED16A8 /* Project object */;
}
