// !$*UTF8*$!
{
	archiveVersion = 1;
	classes = {
	};
	objectVersion = 50;
	objects = {

/* Begin PBXBuildFile section */
		2A533DD822CCEC29009CF4D1 /* AppDelegate.swift in Sources */ = {isa = PBXBuildFile; fileRef = 2A533DD722CCEC29009CF4D1 /* AppDelegate.swift */; };
		2A533DDA22CCEC29009CF4D1 /* GameScene.sks in Resources */ = {isa = PBXBuildFile; fileRef = 2A533DD922CCEC29009CF4D1 /* GameScene.sks */; };
		2A533DDE22CCEC29009CF4D1 /* GameScene.swift in Sources */ = {isa = PBXBuildFile; fileRef = 2A533DDD22CCEC29009CF4D1 /* GameScene.swift */; };
		2A533DE022CCEC29009CF4D1 /* GameViewController.swift in Sources */ = {isa = PBXBuildFile; fileRef = 2A533DDF22CCEC29009CF4D1 /* GameViewController.swift */; };
		2A533DE322CCEC29009CF4D1 /* Main.storyboard in Resources */ = {isa = PBXBuildFile; fileRef = 2A533DE122CCEC29009CF4D1 /* Main.storyboard */; };
		2A533DE522CCEC2A009CF4D1 /* Assets.xcassets in Resources */ = {isa = PBXBuildFile; fileRef = 2A533DE422CCEC2A009CF4D1 /* Assets.xcassets */; };
		2A533DE822CCEC2A009CF4D1 /* LaunchScreen.storyboard in Resources */ = {isa = PBXBuildFile; fileRef = 2A533DE622CCEC2A009CF4D1 /* LaunchScreen.storyboard */; };
		2A533DF122CCED41009CF4D1 /* whackBad.caf in Resources */ = {isa = PBXBuildFile; fileRef = 2A533DEF22CCED41009CF4D1 /* whackBad.caf */; };
		2A533DF222CCED41009CF4D1 /* whack.caf in Resources */ = {isa = PBXBuildFile; fileRef = 2A533DF022CCED41009CF4D1 /* whack.caf */; };
		2A533DF422CCF727009CF4D1 /* WhackSlot.swift in Sources */ = {isa = PBXBuildFile; fileRef = 2A533DF322CCF727009CF4D1 /* WhackSlot.swift */; };
		2A533DF622CD10A7009CF4D1 /* Game-over-robotic-voice.mp3 in Resources */ = {isa = PBXBuildFile; fileRef = 2A533DF522CD10A7009CF4D1 /* Game-over-robotic-voice.mp3 */; };
		2A533DFA22CD1C74009CF4D1 /* smoke.sks in Resources */ = {isa = PBXBuildFile; fileRef = 2A533DF922CD1C74009CF4D1 /* smoke.sks */; };
		2A533DFC22CD1C7A009CF4D1 /* mud.sks in Resources */ = {isa = PBXBuildFile; fileRef = 2A533DFB22CD1C7A009CF4D1 /* mud.sks */; };
/* End PBXBuildFile section */

/* Begin PBXFileReference section */
		2A533DD422CCEC29009CF4D1 /* Project14.app */ = {isa = PBXFileReference; explicitFileType = wrapper.application; includeInIndex = 0; path = Project14.app; sourceTree = BUILT_PRODUCTS_DIR; };
		2A533DD722CCEC29009CF4D1 /* AppDelegate.swift */ = {isa = PBXFileReference; lastKnownFileType = sourcecode.swift; path = AppDelegate.swift; sourceTree = "<group>"; };
		2A533DD922CCEC29009CF4D1 /* GameScene.sks */ = {isa = PBXFileReference; lastKnownFileType = file.sks; path = GameScene.sks; sourceTree = "<group>"; };
		2A533DDD22CCEC29009CF4D1 /* GameScene.swift */ = {isa = PBXFileReference; lastKnownFileType = sourcecode.swift; path = GameScene.swift; sourceTree = "<group>"; };
		2A533DDF22CCEC29009CF4D1 /* GameViewController.swift */ = {isa = PBXFileReference; lastKnownFileType = sourcecode.swift; path = GameViewController.swift; sourceTree = "<group>"; };
		2A533DE222CCEC29009CF4D1 /* Base */ = {isa = PBXFileReference; lastKnownFileType = file.storyboard; name = Base; path = Base.lproj/Main.storyboard; sourceTree = "<group>"; };
		2A533DE422CCEC2A009CF4D1 /* Assets.xcassets */ = {isa = PBXFileReference; lastKnownFileType = folder.assetcatalog; path = Assets.xcassets; sourceTree = "<group>"; };
		2A533DE722CCEC2A009CF4D1 /* Base */ = {isa = PBXFileReference; lastKnownFileType = file.storyboard; name = Base; path = Base.lproj/LaunchScreen.storyboard; sourceTree = "<group>"; };
		2A533DE922CCEC2A009CF4D1 /* Info.plist */ = {isa = PBXFileReference; lastKnownFileType = text.plist.xml; path = Info.plist; sourceTree = "<group>"; };
		2A533DEF22CCED41009CF4D1 /* whackBad.caf */ = {isa = PBXFileReference; lastKnownFileType = file; path = whackBad.caf; sourceTree = "<group>"; };
		2A533DF022CCED41009CF4D1 /* whack.caf */ = {isa = PBXFileReference; lastKnownFileType = file; path = whack.caf; sourceTree = "<group>"; };
		2A533DF322CCF727009CF4D1 /* WhackSlot.swift */ = {isa = PBXFileReference; lastKnownFileType = sourcecode.swift; path = WhackSlot.swift; sourceTree = "<group>"; };
		2A533DF522CD10A7009CF4D1 /* Game-over-robotic-voice.mp3 */ = {isa = PBXFileReference; lastKnownFileType = audio.mp3; path = "Game-over-robotic-voice.mp3"; sourceTree = "<group>"; };
		2A533DF922CD1C74009CF4D1 /* smoke.sks */ = {isa = PBXFileReference; lastKnownFileType = file.sks; path = smoke.sks; sourceTree = "<group>"; };
		2A533DFB22CD1C7A009CF4D1 /* mud.sks */ = {isa = PBXFileReference; lastKnownFileType = file.sks; path = mud.sks; sourceTree = "<group>"; };
/* End PBXFileReference section */

/* Begin PBXFrameworksBuildPhase section */
		2A533DD122CCEC29009CF4D1 /* Frameworks */ = {
			isa = PBXFrameworksBuildPhase;
			buildActionMask = 2147483647;
			files = (
			);
			runOnlyForDeploymentPostprocessing = 0;
		};
/* End PBXFrameworksBuildPhase section */

/* Begin PBXGroup section */
		2A533DCB22CCEC29009CF4D1 = {
			isa = PBXGroup;
			children = (
				2A533DD622CCEC29009CF4D1 /* Project14 */,
				2A533DD522CCEC29009CF4D1 /* Products */,
			);
			sourceTree = "<group>";
		};
		2A533DD522CCEC29009CF4D1 /* Products */ = {
			isa = PBXGroup;
			children = (
				2A533DD422CCEC29009CF4D1 /* Project14.app */,
			);
			name = Products;
			sourceTree = "<group>";
		};
		2A533DD622CCEC29009CF4D1 /* Project14 */ = {
			isa = PBXGroup;
			children = (
				2A533DD722CCEC29009CF4D1 /* AppDelegate.swift */,
				2A533DD922CCEC29009CF4D1 /* GameScene.sks */,
				2A533DDD22CCEC29009CF4D1 /* GameScene.swift */,
				2A533DF322CCF727009CF4D1 /* WhackSlot.swift */,
				2A533DDF22CCEC29009CF4D1 /* GameViewController.swift */,
				2A533DE122CCEC29009CF4D1 /* Main.storyboard */,
				2A533DE422CCEC2A009CF4D1 /* Assets.xcassets */,
				2A533DE622CCEC2A009CF4D1 /* LaunchScreen.storyboard */,
				2A533DE922CCEC2A009CF4D1 /* Info.plist */,
				2A533DF022CCED41009CF4D1 /* whack.caf */,
				2A533DEF22CCED41009CF4D1 /* whackBad.caf */,
				2A533DF522CD10A7009CF4D1 /* Game-over-robotic-voice.mp3 */,
				2A533DF922CD1C74009CF4D1 /* smoke.sks */,
				2A533DFB22CD1C7A009CF4D1 /* mud.sks */,
			);
			path = Project14;
			sourceTree = "<group>";
		};
/* End PBXGroup section */

/* Begin PBXNativeTarget section */
		2A533DD322CCEC29009CF4D1 /* Project14 */ = {
			isa = PBXNativeTarget;
			buildConfigurationList = 2A533DEC22CCEC2A009CF4D1 /* Build configuration list for PBXNativeTarget "Project14" */;
			buildPhases = (
				2A533DD022CCEC29009CF4D1 /* Sources */,
				2A533DD122CCEC29009CF4D1 /* Frameworks */,
				2A533DD222CCEC29009CF4D1 /* Resources */,
			);
			buildRules = (
			);
			dependencies = (
			);
			name = Project14;
			productName = Project14;
			productReference = 2A533DD422CCEC29009CF4D1 /* Project14.app */;
			productType = "com.apple.product-type.application";
		};
/* End PBXNativeTarget section */

/* Begin PBXProject section */
		2A533DCC22CCEC29009CF4D1 /* Project object */ = {
			isa = PBXProject;
			attributes = {
				LastSwiftUpdateCheck = 1020;
				LastUpgradeCheck = 1020;
				ORGANIZATIONNAME = Antoni;
				TargetAttributes = {
					2A533DD322CCEC29009CF4D1 = {
						CreatedOnToolsVersion = 10.2.1;
					};
				};
			};
			buildConfigurationList = 2A533DCF22CCEC29009CF4D1 /* Build configuration list for PBXProject "Project14" */;
			compatibilityVersion = "Xcode 9.3";
			developmentRegion = en;
			hasScannedForEncodings = 0;
			knownRegions = (
				en,
				Base,
			);
			mainGroup = 2A533DCB22CCEC29009CF4D1;
			productRefGroup = 2A533DD522CCEC29009CF4D1 /* Products */;
			projectDirPath = "";
			projectRoot = "";
			targets = (
				2A533DD322CCEC29009CF4D1 /* Project14 */,
			);
		};
/* End PBXProject section */

/* Begin PBXResourcesBuildPhase section */
		2A533DD222CCEC29009CF4D1 /* Resources */ = {
			isa = PBXResourcesBuildPhase;
			buildActionMask = 2147483647;
			files = (
				2A533DF122CCED41009CF4D1 /* whackBad.caf in Resources */,
				2A533DE322CCEC29009CF4D1 /* Main.storyboard in Resources */,
				2A533DDA22CCEC29009CF4D1 /* GameScene.sks in Resources */,
				2A533DFC22CD1C7A009CF4D1 /* mud.sks in Resources */,
				2A533DE522CCEC2A009CF4D1 /* Assets.xcassets in Resources */,
				2A533DE822CCEC2A009CF4D1 /* LaunchScreen.storyboard in Resources */,
				2A533DF622CD10A7009CF4D1 /* Game-over-robotic-voice.mp3 in Resources */,
				2A533DF222CCED41009CF4D1 /* whack.caf in Resources */,
				2A533DFA22CD1C74009CF4D1 /* smoke.sks in Resources */,
			);
			runOnlyForDeploymentPostprocessing = 0;
		};
/* End PBXResourcesBuildPhase section */

/* Begin PBXSourcesBuildPhase section */
		2A533DD022CCEC29009CF4D1 /* Sources */ = {
			isa = PBXSourcesBuildPhase;
			buildActionMask = 2147483647;
			files = (
				2A533DDE22CCEC29009CF4D1 /* GameScene.swift in Sources */,
				2A533DE022CCEC29009CF4D1 /* GameViewController.swift in Sources */,
				2A533DF422CCF727009CF4D1 /* WhackSlot.swift in Sources */,
				2A533DD822CCEC29009CF4D1 /* AppDelegate.swift in Sources */,
			);
			runOnlyForDeploymentPostprocessing = 0;
		};
/* End PBXSourcesBuildPhase section */

/* Begin PBXVariantGroup section */
		2A533DE122CCEC29009CF4D1 /* Main.storyboard */ = {
			isa = PBXVariantGroup;
			children = (
				2A533DE222CCEC29009CF4D1 /* Base */,
			);
			name = Main.storyboard;
			sourceTree = "<group>";
		};
		2A533DE622CCEC2A009CF4D1 /* LaunchScreen.storyboard */ = {
			isa = PBXVariantGroup;
			children = (
				2A533DE722CCEC2A009CF4D1 /* Base */,
			);
			name = LaunchScreen.storyboard;
			sourceTree = "<group>";
		};
/* End PBXVariantGroup section */

/* Begin XCBuildConfiguration section */
		2A533DEA22CCEC2A009CF4D1 /* Debug */ = {
			isa = XCBuildConfiguration;
			buildSettings = {
				ALWAYS_SEARCH_USER_PATHS = NO;
				CLANG_ANALYZER_NONNULL = YES;
				CLANG_ANALYZER_NUMBER_OBJECT_CONVERSION = YES_AGGRESSIVE;
				CLANG_CXX_LANGUAGE_STANDARD = "gnu++14";
				CLANG_CXX_LIBRARY = "libc++";
				CLANG_ENABLE_MODULES = YES;
				CLANG_ENABLE_OBJC_ARC = YES;
				CLANG_ENABLE_OBJC_WEAK = YES;
				CLANG_WARN_BLOCK_CAPTURE_AUTORELEASING = YES;
				CLANG_WARN_BOOL_CONVERSION = YES;
				CLANG_WARN_COMMA = YES;
				CLANG_WARN_CONSTANT_CONVERSION = YES;
				CLANG_WARN_DEPRECATED_OBJC_IMPLEMENTATIONS = YES;
				CLANG_WARN_DIRECT_OBJC_ISA_USAGE = YES_ERROR;
				CLANG_WARN_DOCUMENTATION_COMMENTS = YES;
				CLANG_WARN_EMPTY_BODY = YES;
				CLANG_WARN_ENUM_CONVERSION = YES;
				CLANG_WARN_INFINITE_RECURSION = YES;
				CLANG_WARN_INT_CONVERSION = YES;
				CLANG_WARN_NON_LITERAL_NULL_CONVERSION = YES;
				CLANG_WARN_OBJC_IMPLICIT_RETAIN_SELF = YES;
				CLANG_WARN_OBJC_LITERAL_CONVERSION = YES;
				CLANG_WARN_OBJC_ROOT_CLASS = YES_ERROR;
				CLANG_WARN_RANGE_LOOP_ANALYSIS = YES;
				CLANG_WARN_STRICT_PROTOTYPES = YES;
				CLANG_WARN_SUSPICIOUS_MOVE = YES;
				CLANG_WARN_UNGUARDED_AVAILABILITY = YES_AGGRESSIVE;
				CLANG_WARN_UNREACHABLE_CODE = YES;
				CLANG_WARN__DUPLICATE_METHOD_MATCH = YES;
				CODE_SIGN_IDENTITY = "iPhone Developer";
				COPY_PHASE_STRIP = NO;
				DEBUG_INFORMATION_FORMAT = dwarf;
				ENABLE_STRICT_OBJC_MSGSEND = YES;
				ENABLE_TESTABILITY = YES;
				GCC_C_LANGUAGE_STANDARD = gnu11;
				GCC_DYNAMIC_NO_PIC = NO;
				GCC_NO_COMMON_BLOCKS = YES;
				GCC_OPTIMIZATION_LEVEL = 0;
				GCC_PREPROCESSOR_DEFINITIONS = (
					"DEBUG=1",
					"$(inherited)",
				);
				GCC_WARN_64_TO_32_BIT_CONVERSION = YES;
				GCC_WARN_ABOUT_RETURN_TYPE = YES_ERROR;
				GCC_WARN_UNDECLARED_SELECTOR = YES;
				GCC_WARN_UNINITIALIZED_AUTOS = YES_AGGRESSIVE;
				GCC_WARN_UNUSED_FUNCTION = YES;
				GCC_WARN_UNUSED_VARIABLE = YES;
				IPHONEOS_DEPLOYMENT_TARGET = 12.2;
				MTL_ENABLE_DEBUG_INFO = INCLUDE_SOURCE;
				MTL_FAST_MATH = YES;
				ONLY_ACTIVE_ARCH = YES;
				SDKROOT = iphoneos;
				SWIFT_ACTIVE_COMPILATION_CONDITIONS = DEBUG;
				SWIFT_OPTIMIZATION_LEVEL = "-Onone";
			};
			name = Debug;
		};
		2A533DEB22CCEC2A009CF4D1 /* Release */ = {
			isa = XCBuildConfiguration;
			buildSettings = {
				ALWAYS_SEARCH_USER_PATHS = NO;
				CLANG_ANALYZER_NONNULL = YES;
				CLANG_ANALYZER_NUMBER_OBJECT_CONVERSION = YES_AGGRESSIVE;
				CLANG_CXX_LANGUAGE_STANDARD = "gnu++14";
				CLANG_CXX_LIBRARY = "libc++";
				CLANG_ENABLE_MODULES = YES;
				CLANG_ENABLE_OBJC_ARC = YES;
				CLANG_ENABLE_OBJC_WEAK = YES;
				CLANG_WARN_BLOCK_CAPTURE_AUTORELEASING = YES;
				CLANG_WARN_BOOL_CONVERSION = YES;
				CLANG_WARN_COMMA = YES;
				CLANG_WARN_CONSTANT_CONVERSION = YES;
				CLANG_WARN_DEPRECATED_OBJC_IMPLEMENTATIONS = YES;
				CLANG_WARN_DIRECT_OBJC_ISA_USAGE = YES_ERROR;
				CLANG_WARN_DOCUMENTATION_COMMENTS = YES;
				CLANG_WARN_EMPTY_BODY = YES;
				CLANG_WARN_ENUM_CONVERSION = YES;
				CLANG_WARN_INFINITE_RECURSION = YES;
				CLANG_WARN_INT_CONVERSION = YES;
				CLANG_WARN_NON_LITERAL_NULL_CONVERSION = YES;
				CLANG_WARN_OBJC_IMPLICIT_RETAIN_SELF = YES;
				CLANG_WARN_OBJC_LITERAL_CONVERSION = YES;
				CLANG_WARN_OBJC_ROOT_CLASS = YES_ERROR;
				CLANG_WARN_RANGE_LOOP_ANALYSIS = YES;
				CLANG_WARN_STRICT_PROTOTYPES = YES;
				CLANG_WARN_SUSPICIOUS_MOVE = YES;
				CLANG_WARN_UNGUARDED_AVAILABILITY = YES_AGGRESSIVE;
				CLANG_WARN_UNREACHABLE_CODE = YES;
				CLANG_WARN__DUPLICATE_METHOD_MATCH = YES;
				CODE_SIGN_IDENTITY = "iPhone Developer";
				COPY_PHASE_STRIP = NO;
				DEBUG_INFORMATION_FORMAT = "dwarf-with-dsym";
				ENABLE_NS_ASSERTIONS = NO;
				ENABLE_STRICT_OBJC_MSGSEND = YES;
				GCC_C_LANGUAGE_STANDARD = gnu11;
				GCC_NO_COMMON_BLOCKS = YES;
				GCC_WARN_64_TO_32_BIT_CONVERSION = YES;
				GCC_WARN_ABOUT_RETURN_TYPE = YES_ERROR;
				GCC_WARN_UNDECLARED_SELECTOR = YES;
				GCC_WARN_UNINITIALIZED_AUTOS = YES_AGGRESSIVE;
				GCC_WARN_UNUSED_FUNCTION = YES;
				GCC_WARN_UNUSED_VARIABLE = YES;
				IPHONEOS_DEPLOYMENT_TARGET = 12.2;
				MTL_ENABLE_DEBUG_INFO = NO;
				MTL_FAST_MATH = YES;
				SDKROOT = iphoneos;
				SWIFT_COMPILATION_MODE = wholemodule;
				SWIFT_OPTIMIZATION_LEVEL = "-O";
				VALIDATE_PRODUCT = YES;
			};
			name = Release;
		};
		2A533DED22CCEC2A009CF4D1 /* Debug */ = {
			isa = XCBuildConfiguration;
			buildSettings = {
				ASSETCATALOG_COMPILER_APPICON_NAME = AppIcon;
				CODE_SIGN_STYLE = Automatic;
				DEVELOPMENT_TEAM = 2G786TSNKY;
				INFOPLIST_FILE = Project14/Info.plist;
				LD_RUNPATH_SEARCH_PATHS = (
					"$(inherited)",
					"@executable_path/Frameworks",
				);
				PRODUCT_BUNDLE_IDENTIFIER = id.antonilhin.Project14;
				PRODUCT_NAME = "$(TARGET_NAME)";
				SWIFT_VERSION = 5.0;
				TARGETED_DEVICE_FAMILY = 2;
			};
			name = Debug;
		};
		2A533DEE22CCEC2A009CF4D1 /* Release */ = {
			isa = XCBuildConfiguration;
			buildSettings = {
				ASSETCATALOG_COMPILER_APPICON_NAME = AppIcon;
				CODE_SIGN_STYLE = Automatic;
				DEVELOPMENT_TEAM = 2G786TSNKY;
				INFOPLIST_FILE = Project14/Info.plist;
				LD_RUNPATH_SEARCH_PATHS = (
					"$(inherited)",
					"@executable_path/Frameworks",
				);
				PRODUCT_BUNDLE_IDENTIFIER = id.antonilhin.Project14;
				PRODUCT_NAME = "$(TARGET_NAME)";
				SWIFT_VERSION = 5.0;
				TARGETED_DEVICE_FAMILY = 2;
			};
			name = Release;
		};
/* End XCBuildConfiguration section */

/* Begin XCConfigurationList section */
		2A533DCF22CCEC29009CF4D1 /* Build configuration list for PBXProject "Project14" */ = {
			isa = XCConfigurationList;
			buildConfigurations = (
				2A533DEA22CCEC2A009CF4D1 /* Debug */,
				2A533DEB22CCEC2A009CF4D1 /* Release */,
			);
			defaultConfigurationIsVisible = 0;
			defaultConfigurationName = Release;
		};
		2A533DEC22CCEC2A009CF4D1 /* Build configuration list for PBXNativeTarget "Project14" */ = {
			isa = XCConfigurationList;
			buildConfigurations = (
				2A533DED22CCEC2A009CF4D1 /* Debug */,
				2A533DEE22CCEC2A009CF4D1 /* Release */,
			);
			defaultConfigurationIsVisible = 0;
			defaultConfigurationName = Release;
		};
/* End XCConfigurationList section */
	};
	rootObject = 2A533DCC22CCEC29009CF4D1 /* Project object */;
}
